
Microsoft Visual Studio Solution File, Format Version 12.00
# Visual Studio Version 16
VisualStudioVersion = 16.0.31911.196
MinimumVisualStudioVersion = 10.0.40219.1
Project("{FAE04EC0-301F-11D3-BF4B-00C04F79EFBC}") = "CrowdFundingProjectTeam4", "CrowdFundingProjectTeam4\CrowdFundingProjectTeam4.csproj", "{E9159F7C-60F7-4447-A16F-BE6899F64651}"
EndProject
Project("{9A19103F-16F7-4668-BE54-9A1E7A4F7556}") = "CrowdFundingProjectTeam4MVC", "CrowdFundingProjectTeam4MVC\CrowdFundingProjectTeam4MVC.csproj", "{FD4D9E19-5442-49E1-8825-40DDEA5FE172}"
EndProject
Project("{FAE04EC0-301F-11D3-BF4B-00C04F79EFBC}") = "CrowdFundingProjectTeam4Api", "CrowdFundingProjectTeam4Api\CrowdFundingProjectTeam4Api.csproj", "{8565524A-AF60-4BAB-9551-6122B26CCA0E}"
EndProject
Global
	GlobalSection(SolutionConfigurationPlatforms) = preSolution
		Debug|Any CPU = Debug|Any CPU
		Release|Any CPU = Release|Any CPU
	EndGlobalSection
	GlobalSection(ProjectConfigurationPlatforms) = postSolution
		{E9159F7C-60F7-4447-A16F-BE6899F64651}.Debug|Any CPU.ActiveCfg = Debug|Any CPU
		{E9159F7C-60F7-4447-A16F-BE6899F64651}.Debug|Any CPU.Build.0 = Debug|Any CPU
		{E9159F7C-60F7-4447-A16F-BE6899F64651}.Release|Any CPU.ActiveCfg = Release|Any CPU
		{E9159F7C-60F7-4447-A16F-BE6899F64651}.Release|Any CPU.Build.0 = Release|Any CPU
		{FD4D9E19-5442-49E1-8825-40DDEA5FE172}.Debug|Any CPU.ActiveCfg = Debug|Any CPU
		{FD4D9E19-5442-49E1-8825-40DDEA5FE172}.Debug|Any CPU.Build.0 = Debug|Any CPU
		{FD4D9E19-5442-49E1-8825-40DDEA5FE172}.Release|Any CPU.ActiveCfg = Release|Any CPU
		{FD4D9E19-5442-49E1-8825-40DDEA5FE172}.Release|Any CPU.Build.0 = Release|Any CPU
		{8565524A-AF60-4BAB-9551-6122B26CCA0E}.Debug|Any CPU.ActiveCfg = Debug|Any CPU
		{8565524A-AF60-4BAB-9551-6122B26CCA0E}.Debug|Any CPU.Build.0 = Debug|Any CPU
		{8565524A-AF60-4BAB-9551-6122B26CCA0E}.Release|Any CPU.ActiveCfg = Release|Any CPU
		{8565524A-AF60-4BAB-9551-6122B26CCA0E}.Release|Any CPU.Build.0 = Release|Any CPU
	EndGlobalSection
	GlobalSection(SolutionProperties) = preSolution
		HideSolutionNode = FALSE
	EndGlobalSection
	GlobalSection(ExtensibilityGlobals) = postSolution
		SolutionGuid = {B8680F9D-9229-4A23-98F7-E8CBF828D4F8}
	EndGlobalSection
EndGlobal
