
Microsoft Visual Studio Solution File, Format Version 12.00
# Visual Studio Version 16
VisualStudioVersion = 16.0.31911.196
MinimumVisualStudioVersion = 10.0.40219.1
Project("{FAE04EC0-301F-11D3-BF4B-00C04F79EFBC}") = "CrowdFundingProjectTeam4", "CrowdFundingProjectTeam4\CrowdFundingProjectTeam4.csproj", "{E9159F7C-60F7-4447-A16F-BE6899F64651}"
EndProject
Project("{FAE04EC0-301F-11D3-BF4B-00C04F79EFBC}") = "IFundableApi", "IFundableApi\IFundableApi.csproj", "{13B76FFF-C0EB-43D1-80E3-0BF3F354338F}"
EndProject
Project("{F184B08F-C81C-45F6-A57F-5ABD9991F28F}") = "FundableMvc", "WebApplication1\FundableMvc.vbproj", "{254C9DC9-01E9-4BAA-8146-70E02302ACE4}"
EndProject
Global
	GlobalSection(SolutionConfigurationPlatforms) = preSolution
		Debug|Any CPU = Debug|Any CPU
		Release|Any CPU = Release|Any CPU
	EndGlobalSection
	GlobalSection(ProjectConfigurationPlatforms) = postSolution
		{E9159F7C-60F7-4447-A16F-BE6899F64651}.Debug|Any CPU.ActiveCfg = Debug|Any CPU
		{E9159F7C-60F7-4447-A16F-BE6899F64651}.Debug|Any CPU.Build.0 = Debug|Any CPU
		{E9159F7C-60F7-4447-A16F-BE6899F64651}.Release|Any CPU.ActiveCfg = Release|Any CPU
		{E9159F7C-60F7-4447-A16F-BE6899F64651}.Release|Any CPU.Build.0 = Release|Any CPU
		{13B76FFF-C0EB-43D1-80E3-0BF3F354338F}.Debug|Any CPU.ActiveCfg = Debug|Any CPU
		{13B76FFF-C0EB-43D1-80E3-0BF3F354338F}.Debug|Any CPU.Build.0 = Debug|Any CPU
		{13B76FFF-C0EB-43D1-80E3-0BF3F354338F}.Release|Any CPU.ActiveCfg = Release|Any CPU
		{13B76FFF-C0EB-43D1-80E3-0BF3F354338F}.Release|Any CPU.Build.0 = Release|Any CPU
		{254C9DC9-01E9-4BAA-8146-70E02302ACE4}.Debug|Any CPU.ActiveCfg = Debug|Any CPU
		{254C9DC9-01E9-4BAA-8146-70E02302ACE4}.Debug|Any CPU.Build.0 = Debug|Any CPU
		{254C9DC9-01E9-4BAA-8146-70E02302ACE4}.Release|Any CPU.ActiveCfg = Release|Any CPU
		{254C9DC9-01E9-4BAA-8146-70E02302ACE4}.Release|Any CPU.Build.0 = Release|Any CPU
	EndGlobalSection
	GlobalSection(SolutionProperties) = preSolution
		HideSolutionNode = FALSE
	EndGlobalSection
	GlobalSection(ExtensibilityGlobals) = postSolution
		SolutionGuid = {B8680F9D-9229-4A23-98F7-E8CBF828D4F8}
	EndGlobalSection
EndGlobal
